{
    "_meta": {
        "hash": {
            "sha256": "0ca465d14d5635470f33a08b4a0ee9bf323438dff58f02ef339fb0d3510066ce"
        },
        "pipfile-spec": 6,
        "requires": {
            "python_version": "3.6"
        },
        "sources": [
            {
                "name": "pypi",
                "url": "https://pypi.org/simple",
                "verify_ssl": true
            }
        ]
    },
    "default": {
        "hydra-base": {
            "git": "https://github.com/hydraplatform/hydra-base.git",
            "ref": "e32d108044766b0af4ad58f229fad5a9979eae84"
        },
        "hydra-client-python": {
            "git": "https://github.com/hydraplatform/hydra-client-python.git",
            "ref": "d37cc517494a7bfdcb5c4f94d045a2066186b290"
        },
        "hydra-debug": {
            "git": "https://github.com/UMWRG/debug-app.git",
            "ref": "8334d07bad36c0303883a3b192ea92fa3185a4d5"
        }
    },
    "develop": {}
}
