{
    "_meta": {
        "hash": {
            "sha256": "da47d648398bbcbe6b553acb8da297bed590a005d680f2d5643e3c76293399c6"
        },
        "pipfile-spec": 6,
        "requires": {
            "python_version": "3.6"
        },
        "sources": [
            {
                "name": "pypi",
                "url": "https://pypi.org/simple",
                "verify_ssl": true
            }
        ]
    },
    "default": {
        "hydra-base": {
            "git": "https://github.com/hydraplatform/hydra-base.git",
            "ref": "9b634e1d407d26a58da2d4547198bccb9273df16"
        },
        "hydra-client-python": {
            "git": "https://github.com/hydraplatform/hydra-client-python.git",
            "ref": "d37cc517494a7bfdcb5c4f94d045a2066186b290"
        },
        "hydra-debug": {
            "git": "https://github.com/UMWRG/debug-app.git",
            "ref": "00b5245945382c9b7ab8b98329372639d5016527"
        }
    },
    "develop": {}
}
